github.com/mattn/go-runewidth v0.0.3 h1:a+kO+98RDGEfo6asOGMmpodZq4FNtnGP54yps8BzLR4=
github.com/mattn/go-runewidth v0.0.3/go.mod h1:LwmH8dsx7+W8Uxz3IHJYH5QSwggIsqBzpuz5H//U1FU=
github.com/pelletier/go-toml v1.9.1 h1:a6qW1EVNZWH9WGI6CsYdD8WAylkoXBS5yv0XHlh17Tc=
github.com/pelletier/go-toml v1.9.1/go.mod h1:u1nR/EPcESfeI/szUZKdtJ0xRNbUoANCkoOuaOx1Y+c=
github.com/peterh/liner v1.2.1 h1:O4BlKaq/LWu6VRWmol4ByWfzx6MfXc5Op5HETyIy5yg=
github.com/peterh/liner v1.2.1/go.mod h1:CRroGNssyjTd/qIG2FyxByd2S8JEAZXBl4qUrZf8GS0=
github.com/roseduan/mmap-go v1.0.0 h1:tAJCmzNX3fCA2Py4tburp6LybW90ZnYyMbziiltw8Ww=
github.com/roseduan/mmap-go v1.0.0/go.mod h1:SwtjKEtWixvWFMk+VGzVQc3d/AUbp37imbhUN3sT0aQ=
golang.org/x/sys v0.0.0-20210616094352-59db8d763f22 h1:RqytpXGR1iVNX7psjB3ff8y7sNFinVFvkx1c8SjBkio=
golang.org/x/sys v0.0.0-20210616094352-59db8d763f22/go.mod h1:oPkhp1MJrh7nUepCBck5+mAzfO9JrbApNNgaTdGDITg=
